// !$*UTF8*$!
{
	archiveVersion = 1;
	classes = {
	};
	objectVersion = 56;
	objects = {

/* Begin PBXBuildFile section */
		E7687D3F29B282BA00522132 /* TableViewHeader.swift in Sources */ = {isa = PBXBuildFile; fileRef = E7687D3E29B282BA00522132 /* TableViewHeader.swift */; };
		E769A3AF29B235D900E7B744 /* HomeScreenViewModel.swift in Sources */ = {isa = PBXBuildFile; fileRef = E769A3AE29B235D900E7B744 /* HomeScreenViewModel.swift */; };
		E769A3B129B23CBB00E7B744 /* CoinCell.swift in Sources */ = {isa = PBXBuildFile; fileRef = E769A3B029B23CBB00E7B744 /* CoinCell.swift */; };
		E77A24D629AD7257007FE28F /* AppDelegate.swift in Sources */ = {isa = PBXBuildFile; fileRef = E77A24D529AD7257007FE28F /* AppDelegate.swift */; };
		E77A24D829AD7257007FE28F /* SceneDelegate.swift in Sources */ = {isa = PBXBuildFile; fileRef = E77A24D729AD7257007FE28F /* SceneDelegate.swift */; };
		E77A24DA29AD7257007FE28F /* ViewController.swift in Sources */ = {isa = PBXBuildFile; fileRef = E77A24D929AD7257007FE28F /* ViewController.swift */; };
		E77A24DF29AD7257007FE28F /* Assets.xcassets in Resources */ = {isa = PBXBuildFile; fileRef = E77A24DE29AD7257007FE28F /* Assets.xcassets */; };
		E77A24E229AD7257007FE28F /* LaunchScreen.storyboard in Resources */ = {isa = PBXBuildFile; fileRef = E77A24E029AD7257007FE28F /* LaunchScreen.storyboard */; };
		E77A24EA29AD7389007FE28F /* Ext+UIView.swift in Sources */ = {isa = PBXBuildFile; fileRef = E77A24E929AD7389007FE28F /* Ext+UIView.swift */; };
		E7DDDC3229B2059600E2DBB6 /* Crypto.swift in Sources */ = {isa = PBXBuildFile; fileRef = E7DDDC3129B2059600E2DBB6 /* Crypto.swift */; };
		E7DDDC3429B20F5000E2DBB6 /* NetworkManager.swift in Sources */ = {isa = PBXBuildFile; fileRef = E7DDDC3329B20F5000E2DBB6 /* NetworkManager.swift */; };
		E7DDDC3629B20FA500E2DBB6 /* APIUrls.swift in Sources */ = {isa = PBXBuildFile; fileRef = E7DDDC3529B20FA500E2DBB6 /* APIUrls.swift */; };
		E7DDDC3E29B2113600E2DBB6 /* CryptoService.swift in Sources */ = {isa = PBXBuildFile; fileRef = E7DDDC3D29B2113600E2DBB6 /* CryptoService.swift */; };
		E7FE94B529B3621C0003B852 /* Bindable.swift in Sources */ = {isa = PBXBuildFile; fileRef = E7FE94B429B3621C0003B852 /* Bindable.swift */; };
		E7FE94B829B364220003B852 /* CoinDetailScreen.swift in Sources */ = {isa = PBXBuildFile; fileRef = E7FE94B729B364220003B852 /* CoinDetailScreen.swift */; };
/* End PBXBuildFile section */

/* Begin PBXFileReference section */
		E7687D3E29B282BA00522132 /* TableViewHeader.swift */ = {isa = PBXFileReference; lastKnownFileType = sourcecode.swift; path = TableViewHeader.swift; sourceTree = "<group>"; };
		E769A3AE29B235D900E7B744 /* HomeScreenViewModel.swift */ = {isa = PBXFileReference; lastKnownFileType = sourcecode.swift; path = HomeScreenViewModel.swift; sourceTree = "<group>"; };
		E769A3B029B23CBB00E7B744 /* CoinCell.swift */ = {isa = PBXFileReference; lastKnownFileType = sourcecode.swift; path = CoinCell.swift; sourceTree = "<group>"; };
		E77A24D229AD7257007FE28F /* Crypto-App-MVVM.app */ = {isa = PBXFileReference; explicitFileType = wrapper.application; includeInIndex = 0; path = "Crypto-App-MVVM.app"; sourceTree = BUILT_PRODUCTS_DIR; };
		E77A24D529AD7257007FE28F /* AppDelegate.swift */ = {isa = PBXFileReference; lastKnownFileType = sourcecode.swift; path = AppDelegate.swift; sourceTree = "<group>"; };
		E77A24D729AD7257007FE28F /* SceneDelegate.swift */ = {isa = PBXFileReference; lastKnownFileType = sourcecode.swift; path = SceneDelegate.swift; sourceTree = "<group>"; };
		E77A24D929AD7257007FE28F /* ViewController.swift */ = {isa = PBXFileReference; lastKnownFileType = sourcecode.swift; path = ViewController.swift; sourceTree = "<group>"; };
		E77A24DE29AD7257007FE28F /* Assets.xcassets */ = {isa = PBXFileReference; lastKnownFileType = folder.assetcatalog; path = Assets.xcassets; sourceTree = "<group>"; };
		E77A24E129AD7257007FE28F /* Base */ = {isa = PBXFileReference; lastKnownFileType = file.storyboard; name = Base; path = Base.lproj/LaunchScreen.storyboard; sourceTree = "<group>"; };
		E77A24E329AD7257007FE28F /* Info.plist */ = {isa = PBXFileReference; lastKnownFileType = text.plist.xml; path = Info.plist; sourceTree = "<group>"; };
		E77A24E929AD7389007FE28F /* Ext+UIView.swift */ = {isa = PBXFileReference; lastKnownFileType = sourcecode.swift; path = "Ext+UIView.swift"; sourceTree = "<group>"; };
		E7DDDC3129B2059600E2DBB6 /* Crypto.swift */ = {isa = PBXFileReference; lastKnownFileType = sourcecode.swift; path = Crypto.swift; sourceTree = "<group>"; };
		E7DDDC3329B20F5000E2DBB6 /* NetworkManager.swift */ = {isa = PBXFileReference; lastKnownFileType = sourcecode.swift; path = NetworkManager.swift; sourceTree = "<group>"; };
		E7DDDC3529B20FA500E2DBB6 /* APIUrls.swift */ = {isa = PBXFileReference; lastKnownFileType = sourcecode.swift; path = APIUrls.swift; sourceTree = "<group>"; };
		E7DDDC3D29B2113600E2DBB6 /* CryptoService.swift */ = {isa = PBXFileReference; lastKnownFileType = sourcecode.swift; path = CryptoService.swift; sourceTree = "<group>"; };
		E7FE94B429B3621C0003B852 /* Bindable.swift */ = {isa = PBXFileReference; lastKnownFileType = sourcecode.swift; path = Bindable.swift; sourceTree = "<group>"; };
		E7FE94B729B364220003B852 /* CoinDetailScreen.swift */ = {isa = PBXFileReference; lastKnownFileType = sourcecode.swift; path = CoinDetailScreen.swift; sourceTree = "<group>"; };
/* End PBXFileReference section */

/* Begin PBXFrameworksBuildPhase section */
		E77A24CF29AD7257007FE28F /* Frameworks */ = {
			isa = PBXFrameworksBuildPhase;
			buildActionMask = 2147483647;
			files = (
			);
			runOnlyForDeploymentPostprocessing = 0;
		};
/* End PBXFrameworksBuildPhase section */

/* Begin PBXGroup section */
		E77A24C929AD7257007FE28F = {
			isa = PBXGroup;
			children = (
				E77A24D429AD7257007FE28F /* Crypto-App-MVVM */,
				E77A24D329AD7257007FE28F /* Products */,
			);
			sourceTree = "<group>";
		};
		E77A24D329AD7257007FE28F /* Products */ = {
			isa = PBXGroup;
			children = (
				E77A24D229AD7257007FE28F /* Crypto-App-MVVM.app */,
			);
			name = Products;
			sourceTree = "<group>";
		};
		E77A24D429AD7257007FE28F /* Crypto-App-MVVM */ = {
			isa = PBXGroup;
			children = (
				E7DDDC3B29B2110400E2DBB6 /* Core */,
				E7DDDC3A29B210EE00E2DBB6 /* Service */,
				E7DDDC3929B210D900E2DBB6 /* Model */,
				E7DDDC3729B210C700E2DBB6 /* Utilities */,
				E77A24D529AD7257007FE28F /* AppDelegate.swift */,
				E77A24D729AD7257007FE28F /* SceneDelegate.swift */,
				E77A24DE29AD7257007FE28F /* Assets.xcassets */,
				E77A24E029AD7257007FE28F /* LaunchScreen.storyboard */,
				E77A24E329AD7257007FE28F /* Info.plist */,
			);
			path = "Crypto-App-MVVM";
			sourceTree = "<group>";
		};
		E7DDDC3729B210C700E2DBB6 /* Utilities */ = {
			isa = PBXGroup;
			children = (
				E77A24E929AD7389007FE28F /* Ext+UIView.swift */,
				E7DDDC3529B20FA500E2DBB6 /* APIUrls.swift */,
				E7DDDC3329B20F5000E2DBB6 /* NetworkManager.swift */,
				E7FE94B429B3621C0003B852 /* Bindable.swift */,
			);
			path = Utilities;
			sourceTree = "<group>";
		};
		E7DDDC3929B210D900E2DBB6 /* Model */ = {
			isa = PBXGroup;
			children = (
				E7DDDC3129B2059600E2DBB6 /* Crypto.swift */,
			);
			path = Model;
			sourceTree = "<group>";
		};
		E7DDDC3A29B210EE00E2DBB6 /* Service */ = {
			isa = PBXGroup;
			children = (
				E7DDDC3D29B2113600E2DBB6 /* CryptoService.swift */,
			);
			path = Service;
			sourceTree = "<group>";
		};
		E7DDDC3B29B2110400E2DBB6 /* Core */ = {
			isa = PBXGroup;
			children = (
				E7FE94B629B364050003B852 /* CoinDetailScreen */,
				E7DDDC3F29B213AB00E2DBB6 /* View */,
				E7DDDC3C29B2111800E2DBB6 /* HomeScreen */,
			);
			path = Core;
			sourceTree = "<group>";
		};
		E7DDDC3C29B2111800E2DBB6 /* HomeScreen */ = {
			isa = PBXGroup;
			children = (
				E77A24D929AD7257007FE28F /* ViewController.swift */,
				E769A3AE29B235D900E7B744 /* HomeScreenViewModel.swift */,
				E769A3B029B23CBB00E7B744 /* CoinCell.swift */,
				E7687D3E29B282BA00522132 /* TableViewHeader.swift */,
			);
			path = HomeScreen;
			sourceTree = "<group>";
		};
		E7DDDC3F29B213AB00E2DBB6 /* View */ = {
			isa = PBXGroup;
			children = (
			);
			path = View;
			sourceTree = "<group>";
		};
		E7FE94B629B364050003B852 /* CoinDetailScreen */ = {
			isa = PBXGroup;
			children = (
				E7FE94B729B364220003B852 /* CoinDetailScreen.swift */,
			);
			path = CoinDetailScreen;
			sourceTree = "<group>";
		};
/* End PBXGroup section */

/* Begin PBXNativeTarget section */
		E77A24D129AD7257007FE28F /* Crypto-App-MVVM */ = {
			isa = PBXNativeTarget;
			buildConfigurationList = E77A24E629AD7257007FE28F /* Build configuration list for PBXNativeTarget "Crypto-App-MVVM" */;
			buildPhases = (
				E77A24CE29AD7257007FE28F /* Sources */,
				E77A24CF29AD7257007FE28F /* Frameworks */,
				E77A24D029AD7257007FE28F /* Resources */,
			);
			buildRules = (
			);
			dependencies = (
			);
			name = "Crypto-App-MVVM";
			packageProductDependencies = (
			);
			productName = "Crypto-App-MVVM";
			productReference = E77A24D229AD7257007FE28F /* Crypto-App-MVVM.app */;
			productType = "com.apple.product-type.application";
		};
/* End PBXNativeTarget section */

/* Begin PBXProject section */
		E77A24CA29AD7257007FE28F /* Project object */ = {
			isa = PBXProject;
			attributes = {
				BuildIndependentTargetsInParallel = 1;
				LastSwiftUpdateCheck = 1420;
				LastUpgradeCheck = 1420;
				TargetAttributes = {
					E77A24D129AD7257007FE28F = {
						CreatedOnToolsVersion = 14.2;
					};
				};
			};
			buildConfigurationList = E77A24CD29AD7257007FE28F /* Build configuration list for PBXProject "Crypto-App-MVVM" */;
			compatibilityVersion = "Xcode 14.0";
			developmentRegion = en;
			hasScannedForEncodings = 0;
			knownRegions = (
				en,
				Base,
			);
			mainGroup = E77A24C929AD7257007FE28F;
			packageReferences = (
			);
			productRefGroup = E77A24D329AD7257007FE28F /* Products */;
			projectDirPath = "";
			projectRoot = "";
			targets = (
				E77A24D129AD7257007FE28F /* Crypto-App-MVVM */,
			);
		};
/* End PBXProject section */

/* Begin PBXResourcesBuildPhase section */
		E77A24D029AD7257007FE28F /* Resources */ = {
			isa = PBXResourcesBuildPhase;
			buildActionMask = 2147483647;
			files = (
				E77A24E229AD7257007FE28F /* LaunchScreen.storyboard in Resources */,
				E77A24DF29AD7257007FE28F /* Assets.xcassets in Resources */,
			);
			runOnlyForDeploymentPostprocessing = 0;
		};
/* End PBXResourcesBuildPhase section */

/* Begin PBXSourcesBuildPhase section */
		E77A24CE29AD7257007FE28F /* Sources */ = {
			isa = PBXSourcesBuildPhase;
			buildActionMask = 2147483647;
			files = (
				E7DDDC3E29B2113600E2DBB6 /* CryptoService.swift in Sources */,
				E769A3AF29B235D900E7B744 /* HomeScreenViewModel.swift in Sources */,
				E7FE94B529B3621C0003B852 /* Bindable.swift in Sources */,
				E7DDDC3429B20F5000E2DBB6 /* NetworkManager.swift in Sources */,
				E77A24EA29AD7389007FE28F /* Ext+UIView.swift in Sources */,
				E7FE94B829B364220003B852 /* CoinDetailScreen.swift in Sources */,
				E77A24DA29AD7257007FE28F /* ViewController.swift in Sources */,
				E7687D3F29B282BA00522132 /* TableViewHeader.swift in Sources */,
				E7DDDC3229B2059600E2DBB6 /* Crypto.swift in Sources */,
				E769A3B129B23CBB00E7B744 /* CoinCell.swift in Sources */,
				E7DDDC3629B20FA500E2DBB6 /* APIUrls.swift in Sources */,
				E77A24D629AD7257007FE28F /* AppDelegate.swift in Sources */,
				E77A24D829AD7257007FE28F /* SceneDelegate.swift in Sources */,
			);
			runOnlyForDeploymentPostprocessing = 0;
		};
/* End PBXSourcesBuildPhase section */

/* Begin PBXVariantGroup section */
		E77A24E029AD7257007FE28F /* LaunchScreen.storyboard */ = {
			isa = PBXVariantGroup;
			children = (
				E77A24E129AD7257007FE28F /* Base */,
			);
			name = LaunchScreen.storyboard;
			sourceTree = "<group>";
		};
/* End PBXVariantGroup section */

/* Begin XCBuildConfiguration section */
		E77A24E429AD7257007FE28F /* Debug */ = {
			isa = XCBuildConfiguration;
			buildSettings = {
				ALWAYS_SEARCH_USER_PATHS = NO;
				CLANG_ANALYZER_NONNULL = YES;
				CLANG_ANALYZER_NUMBER_OBJECT_CONVERSION = YES_AGGRESSIVE;
				CLANG_CXX_LANGUAGE_STANDARD = "gnu++20";
				CLANG_ENABLE_MODULES = YES;
				CLANG_ENABLE_OBJC_ARC = YES;
				CLANG_ENABLE_OBJC_WEAK = YES;
				CLANG_WARN_BLOCK_CAPTURE_AUTORELEASING = YES;
				CLANG_WARN_BOOL_CONVERSION = YES;
				CLANG_WARN_COMMA = YES;
				CLANG_WARN_CONSTANT_CONVERSION = YES;
				CLANG_WARN_DEPRECATED_OBJC_IMPLEMENTATIONS = YES;
				CLANG_WARN_DIRECT_OBJC_ISA_USAGE = YES_ERROR;
				CLANG_WARN_DOCUMENTATION_COMMENTS = YES;
				CLANG_WARN_EMPTY_BODY = YES;
				CLANG_WARN_ENUM_CONVERSION = YES;
				CLANG_WARN_INFINITE_RECURSION = YES;
				CLANG_WARN_INT_CONVERSION = YES;
				CLANG_WARN_NON_LITERAL_NULL_CONVERSION = YES;
				CLANG_WARN_OBJC_IMPLICIT_RETAIN_SELF = YES;
				CLANG_WARN_OBJC_LITERAL_CONVERSION = YES;
				CLANG_WARN_OBJC_ROOT_CLASS = YES_ERROR;
				CLANG_WARN_QUOTED_INCLUDE_IN_FRAMEWORK_HEADER = YES;
				CLANG_WARN_RANGE_LOOP_ANALYSIS = YES;
				CLANG_WARN_STRICT_PROTOTYPES = YES;
				CLANG_WARN_SUSPICIOUS_MOVE = YES;
				CLANG_WARN_UNGUARDED_AVAILABILITY = YES_AGGRESSIVE;
				CLANG_WARN_UNREACHABLE_CODE = YES;
				CLANG_WARN__DUPLICATE_METHOD_MATCH = YES;
				COPY_PHASE_STRIP = NO;
				DEBUG_INFORMATION_FORMAT = dwarf;
				ENABLE_STRICT_OBJC_MSGSEND = YES;
				ENABLE_TESTABILITY = YES;
				GCC_C_LANGUAGE_STANDARD = gnu11;
				GCC_DYNAMIC_NO_PIC = NO;
				GCC_NO_COMMON_BLOCKS = YES;
				GCC_OPTIMIZATION_LEVEL = 0;
				GCC_PREPROCESSOR_DEFINITIONS = (
					"DEBUG=1",
					"$(inherited)",
				);
				GCC_WARN_64_TO_32_BIT_CONVERSION = YES;
				GCC_WARN_ABOUT_RETURN_TYPE = YES_ERROR;
				GCC_WARN_UNDECLARED_SELECTOR = YES;
				GCC_WARN_UNINITIALIZED_AUTOS = YES_AGGRESSIVE;
				GCC_WARN_UNUSED_FUNCTION = YES;
				GCC_WARN_UNUSED_VARIABLE = YES;
				IPHONEOS_DEPLOYMENT_TARGET = 16.2;
				MTL_ENABLE_DEBUG_INFO = INCLUDE_SOURCE;
				MTL_FAST_MATH = YES;
				ONLY_ACTIVE_ARCH = YES;
				SDKROOT = iphoneos;
				SWIFT_ACTIVE_COMPILATION_CONDITIONS = DEBUG;
				SWIFT_OPTIMIZATION_LEVEL = "-Onone";
			};
			name = Debug;
		};
		E77A24E529AD7257007FE28F /* Release */ = {
			isa = XCBuildConfiguration;
			buildSettings = {
				ALWAYS_SEARCH_USER_PATHS = NO;
				CLANG_ANALYZER_NONNULL = YES;
				CLANG_ANALYZER_NUMBER_OBJECT_CONVERSION = YES_AGGRESSIVE;
				CLANG_CXX_LANGUAGE_STANDARD = "gnu++20";
				CLANG_ENABLE_MODULES = YES;
				CLANG_ENABLE_OBJC_ARC = YES;
				CLANG_ENABLE_OBJC_WEAK = YES;
				CLANG_WARN_BLOCK_CAPTURE_AUTORELEASING = YES;
				CLANG_WARN_BOOL_CONVERSION = YES;
				CLANG_WARN_COMMA = YES;
				CLANG_WARN_CONSTANT_CONVERSION = YES;
				CLANG_WARN_DEPRECATED_OBJC_IMPLEMENTATIONS = YES;
				CLANG_WARN_DIRECT_OBJC_ISA_USAGE = YES_ERROR;
				CLANG_WARN_DOCUMENTATION_COMMENTS = YES;
				CLANG_WARN_EMPTY_BODY = YES;
				CLANG_WARN_ENUM_CONVERSION = YES;
				CLANG_WARN_INFINITE_RECURSION = YES;
				CLANG_WARN_INT_CONVERSION = YES;
				CLANG_WARN_NON_LITERAL_NULL_CONVERSION = YES;
				CLANG_WARN_OBJC_IMPLICIT_RETAIN_SELF = YES;
				CLANG_WARN_OBJC_LITERAL_CONVERSION = YES;
				CLANG_WARN_OBJC_ROOT_CLASS = YES_ERROR;
				CLANG_WARN_QUOTED_INCLUDE_IN_FRAMEWORK_HEADER = YES;
				CLANG_WARN_RANGE_LOOP_ANALYSIS = YES;
				CLANG_WARN_STRICT_PROTOTYPES = YES;
				CLANG_WARN_SUSPICIOUS_MOVE = YES;
				CLANG_WARN_UNGUARDED_AVAILABILITY = YES_AGGRESSIVE;
				CLANG_WARN_UNREACHABLE_CODE = YES;
				CLANG_WARN__DUPLICATE_METHOD_MATCH = YES;
				COPY_PHASE_STRIP = NO;
				DEBUG_INFORMATION_FORMAT = "dwarf-with-dsym";
				ENABLE_NS_ASSERTIONS = NO;
				ENABLE_STRICT_OBJC_MSGSEND = YES;
				GCC_C_LANGUAGE_STANDARD = gnu11;
				GCC_NO_COMMON_BLOCKS = YES;
				GCC_WARN_64_TO_32_BIT_CONVERSION = YES;
				GCC_WARN_ABOUT_RETURN_TYPE = YES_ERROR;
				GCC_WARN_UNDECLARED_SELECTOR = YES;
				GCC_WARN_UNINITIALIZED_AUTOS = YES_AGGRESSIVE;
				GCC_WARN_UNUSED_FUNCTION = YES;
				GCC_WARN_UNUSED_VARIABLE = YES;
				IPHONEOS_DEPLOYMENT_TARGET = 16.2;
				MTL_ENABLE_DEBUG_INFO = NO;
				MTL_FAST_MATH = YES;
				SDKROOT = iphoneos;
				SWIFT_COMPILATION_MODE = wholemodule;
				SWIFT_OPTIMIZATION_LEVEL = "-O";
				VALIDATE_PRODUCT = YES;
			};
			name = Release;
		};
		E77A24E729AD7257007FE28F /* Debug */ = {
			isa = XCBuildConfiguration;
			buildSettings = {
				ASSETCATALOG_COMPILER_APPICON_NAME = AppIcon;
				ASSETCATALOG_COMPILER_GLOBAL_ACCENT_COLOR_NAME = AccentColor;
				ASSETCATALOG_COMPILER_INCLUDE_ALL_APPICON_ASSETS = YES;
				CODE_SIGN_STYLE = Automatic;
				CURRENT_PROJECT_VERSION = 1;
				GENERATE_INFOPLIST_FILE = YES;
				INFOPLIST_FILE = "Crypto-App-MVVM/Info.plist";
				INFOPLIST_KEY_UIApplicationSupportsIndirectInputEvents = YES;
				INFOPLIST_KEY_UILaunchStoryboardName = LaunchScreen.storyboard;
				INFOPLIST_KEY_UISupportedInterfaceOrientations_iPad = "UIInterfaceOrientationPortrait UIInterfaceOrientationPortraitUpsideDown UIInterfaceOrientationLandscapeLeft UIInterfaceOrientationLandscapeRight";
				INFOPLIST_KEY_UISupportedInterfaceOrientations_iPhone = "UIInterfaceOrientationPortrait UIInterfaceOrientationLandscapeLeft UIInterfaceOrientationLandscapeRight";
				LD_RUNPATH_SEARCH_PATHS = (
					"$(inherited)",
					"@executable_path/Frameworks",
				);
				MARKETING_VERSION = 1.0;
				PRODUCT_BUNDLE_IDENTIFIER = "kromatin.Crypto-App-MVVM";
				PRODUCT_NAME = "$(TARGET_NAME)";
				SWIFT_EMIT_LOC_STRINGS = YES;
				SWIFT_VERSION = 5.0;
				TARGETED_DEVICE_FAMILY = "1,2";
			};
			name = Debug;
		};
		E77A24E829AD7257007FE28F /* Release */ = {
			isa = XCBuildConfiguration;
			buildSettings = {
				ASSETCATALOG_COMPILER_APPICON_NAME = AppIcon;
				ASSETCATALOG_COMPILER_GLOBAL_ACCENT_COLOR_NAME = AccentColor;
				ASSETCATALOG_COMPILER_INCLUDE_ALL_APPICON_ASSETS = YES;
				CODE_SIGN_STYLE = Automatic;
				CURRENT_PROJECT_VERSION = 1;
				GENERATE_INFOPLIST_FILE = YES;
				INFOPLIST_FILE = "Crypto-App-MVVM/Info.plist";
				INFOPLIST_KEY_UIApplicationSupportsIndirectInputEvents = YES;
				INFOPLIST_KEY_UILaunchStoryboardName = LaunchScreen.storyboard;
				INFOPLIST_KEY_UISupportedInterfaceOrientations_iPad = "UIInterfaceOrientationPortrait UIInterfaceOrientationPortraitUpsideDown UIInterfaceOrientationLandscapeLeft UIInterfaceOrientationLandscapeRight";
				INFOPLIST_KEY_UISupportedInterfaceOrientations_iPhone = "UIInterfaceOrientationPortrait UIInterfaceOrientationLandscapeLeft UIInterfaceOrientationLandscapeRight";
				LD_RUNPATH_SEARCH_PATHS = (
					"$(inherited)",
					"@executable_path/Frameworks",
				);
				MARKETING_VERSION = 1.0;
				PRODUCT_BUNDLE_IDENTIFIER = "kromatin.Crypto-App-MVVM";
				PRODUCT_NAME = "$(TARGET_NAME)";
				SWIFT_EMIT_LOC_STRINGS = YES;
				SWIFT_VERSION = 5.0;
				TARGETED_DEVICE_FAMILY = "1,2";
			};
			name = Release;
		};
/* End XCBuildConfiguration section */

/* Begin XCConfigurationList section */
		E77A24CD29AD7257007FE28F /* Build configuration list for PBXProject "Crypto-App-MVVM" */ = {
			isa = XCConfigurationList;
			buildConfigurations = (
				E77A24E429AD7257007FE28F /* Debug */,
				E77A24E529AD7257007FE28F /* Release */,
			);
			defaultConfigurationIsVisible = 0;
			defaultConfigurationName = Release;
		};
		E77A24E629AD7257007FE28F /* Build configuration list for PBXNativeTarget "Crypto-App-MVVM" */ = {
			isa = XCConfigurationList;
			buildConfigurations = (
				E77A24E729AD7257007FE28F /* Debug */,
				E77A24E829AD7257007FE28F /* Release */,
			);
			defaultConfigurationIsVisible = 0;
			defaultConfigurationName = Release;
		};
/* End XCConfigurationList section */
	};
	rootObject = E77A24CA29AD7257007FE28F /* Project object */;
}
